// !$*UTF8*$!
{
	archiveVersion = 1;
	classes = {
	};
	objectVersion = 77;
	objects = {

/* Begin PBXBuildFile section */
		A4264E122FF1207900853023 /* BudgetKit.framework in Frameworks */ = {isa = PBXBuildFile; fileRef = A4264E072FF1207900853023 /* BudgetKit.framework */; };
		A4264E1C2FF1207900853023 /* BudgetKit.framework in Frameworks */ = {isa = PBXBuildFile; fileRef = A4264E072FF1207900853023 /* BudgetKit.framework */; };
		A4264E1D2FF1207900853023 /* BudgetKit.framework in Embed Frameworks */ = {isa = PBXBuildFile; fileRef = A4264E072FF1207900853023 /* BudgetKit.framework */; settings = {ATTRIBUTES = (CodeSignOnCopy, RemoveHeadersOnCopy, ); }; };
		A4264E2C2FF120CA00853023 /* WidgetKit.framework in Frameworks */ = {isa = PBXBuildFile; fileRef = A4264E2B2FF120CA00853023 /* WidgetKit.framework */; };
		A4264E2E2FF120CA00853023 /* SwiftUI.framework in Frameworks */ = {isa = PBXBuildFile; fileRef = A4264E2D2FF120CA00853023 /* SwiftUI.framework */; };
		A4264E3B2FF120CB00853023 /* BudgetWidgetExtension.appex in Embed Foundation Extensions */ = {isa = PBXBuildFile; fileRef = A4264E292FF120CA00853023 /* BudgetWidgetExtension.appex */; settings = {ATTRIBUTES = (RemoveHeadersOnCopy, ); }; };
		A48C2DB12FD30E390068D400 /* GoogleSignIn in Frameworks */ = {isa = PBXBuildFile; productRef = A48C2DB32FD30E390068D400 /* GoogleSignIn */; };
/* End PBXBuildFile section */

/* Begin PBXContainerItemProxy section */
		A4264E132FF1207900853023 /* PBXContainerItemProxy */ = {
			isa = PBXContainerItemProxy;
			containerPortal = A48C2D732FD30E370068D400 /* Project object */;
			proxyType = 1;
			remoteGlobalIDString = A4264E062FF1207900853023;
			remoteInfo = BudgetKit;
		};
		A4264E152FF1207900853023 /* PBXContainerItemProxy */ = {
			isa = PBXContainerItemProxy;
			containerPortal = A48C2D732FD30E370068D400 /* Project object */;
			proxyType = 1;
			remoteGlobalIDString = A48C2D7A2FD30E370068D400;
			remoteInfo = budget;
		};
		A4264E1A2FF1207900853023 /* PBXContainerItemProxy */ = {
			isa = PBXContainerItemProxy;
			containerPortal = A48C2D732FD30E370068D400 /* Project object */;
			proxyType = 1;
			remoteGlobalIDString = A4264E062FF1207900853023;
			remoteInfo = BudgetKit;
		};
		A4264EAA2FF1207900853023 /* PBXContainerItemProxy */ = {
			isa = PBXContainerItemProxy;
			containerPortal = A48C2D732FD30E370068D400 /* Project object */;
			proxyType = 1;
			remoteGlobalIDString = A4264E062FF1207900853023;
			remoteInfo = BudgetKit;
		};
		A4264E392FF120CB00853023 /* PBXContainerItemProxy */ = {
			isa = PBXContainerItemProxy;
			containerPortal = A48C2D732FD30E370068D400 /* Project object */;
			proxyType = 1;
			remoteGlobalIDString = A4264E282FF120CA00853023;
			remoteInfo = BudgetWidgetExtension;
		};
		A48C2D902FD30E390068D400 /* PBXContainerItemProxy */ = {
			isa = PBXContainerItemProxy;
			containerPortal = A48C2D732FD30E370068D400 /* Project object */;
			proxyType = 1;
			remoteGlobalIDString = A48C2D7A2FD30E370068D400;
			remoteInfo = budget;
		};
		A48C2D9A2FD30E390068D400 /* PBXContainerItemProxy */ = {
			isa = PBXContainerItemProxy;
			containerPortal = A48C2D732FD30E370068D400 /* Project object */;
			proxyType = 1;
			remoteGlobalIDString = A48C2D7A2FD30E370068D400;
			remoteInfo = budget;
		};
/* End PBXContainerItemProxy section */

/* Begin PBXCopyFilesBuildPhase section */
		A4264E212FF1207900853023 /* Embed Frameworks */ = {
			isa = PBXCopyFilesBuildPhase;
			buildActionMask = 2147483647;
			dstPath = "";
			dstSubfolderSpec = 10;
			files = (
				A4264E1D2FF1207900853023 /* BudgetKit.framework in Embed Frameworks */,
			);
			name = "Embed Frameworks";
			runOnlyForDeploymentPostprocessing = 0;
		};
		A4264E402FF120CB00853023 /* Embed Foundation Extensions */ = {
			isa = PBXCopyFilesBuildPhase;
			buildActionMask = 2147483647;
			dstPath = "";
			dstSubfolderSpec = 13;
			files = (
				A4264E3B2FF120CB00853023 /* BudgetWidgetExtension.appex in Embed Foundation Extensions */,
			);
			name = "Embed Foundation Extensions";
			runOnlyForDeploymentPostprocessing = 0;
		};
/* End PBXCopyFilesBuildPhase section */

/* Begin PBXFileReference section */
		A4264E072FF1207900853023 /* BudgetKit.framework */ = {isa = PBXFileReference; explicitFileType = wrapper.framework; includeInIndex = 0; path = BudgetKit.framework; sourceTree = BUILT_PRODUCTS_DIR; };
		A4264E112FF1207900853023 /* BudgetKitTests.xctest */ = {isa = PBXFileReference; explicitFileType = wrapper.cfbundle; includeInIndex = 0; path = BudgetKitTests.xctest; sourceTree = BUILT_PRODUCTS_DIR; };
		A4264E292FF120CA00853023 /* BudgetWidgetExtension.appex */ = {isa = PBXFileReference; explicitFileType = "wrapper.app-extension"; includeInIndex = 0; path = BudgetWidgetExtension.appex; sourceTree = BUILT_PRODUCTS_DIR; };
		A4264E2B2FF120CA00853023 /* WidgetKit.framework */ = {isa = PBXFileReference; lastKnownFileType = wrapper.framework; name = WidgetKit.framework; path = System/Library/Frameworks/WidgetKit.framework; sourceTree = SDKROOT; };
		A4264E2D2FF120CA00853023 /* SwiftUI.framework */ = {isa = PBXFileReference; lastKnownFileType = wrapper.framework; name = SwiftUI.framework; path = System/Library/Frameworks/SwiftUI.framework; sourceTree = SDKROOT; };
		A48C2D7B2FD30E370068D400 /* budget.app */ = {isa = PBXFileReference; explicitFileType = wrapper.application; includeInIndex = 0; path = budget.app; sourceTree = BUILT_PRODUCTS_DIR; };
		A48C2D8F2FD30E390068D400 /* budgetTests.xctest */ = {isa = PBXFileReference; explicitFileType = wrapper.cfbundle; includeInIndex = 0; path = budgetTests.xctest; sourceTree = BUILT_PRODUCTS_DIR; };
		A48C2D992FD30E390068D400 /* budgetUITests.xctest */ = {isa = PBXFileReference; explicitFileType = wrapper.cfbundle; includeInIndex = 0; path = budgetUITests.xctest; sourceTree = BUILT_PRODUCTS_DIR; };
/* End PBXFileReference section */

/* Begin PBXFileSystemSynchronizedBuildFileExceptionSet section */
		A4264E3F2FF120CB00853023 /* Exceptions for "BudgetWidget" folder in "BudgetWidgetExtension" target */ = {
			isa = PBXFileSystemSynchronizedBuildFileExceptionSet;
			membershipExceptions = (
				Info.plist,
			);
			target = A4264E282FF120CA00853023 /* BudgetWidgetExtension */;
		};
		A48C2DA12FD30E390068D400 /* Exceptions for "budget" folder in "budget" target */ = {
			isa = PBXFileSystemSynchronizedBuildFileExceptionSet;
			membershipExceptions = (
				Info.plist,
			);
			target = A48C2D7A2FD30E370068D400 /* budget */;
		};
/* End PBXFileSystemSynchronizedBuildFileExceptionSet section */

/* Begin PBXFileSystemSynchronizedRootGroup section */
		A4264E082FF1207900853023 /* BudgetKit */ = {
			isa = PBXFileSystemSynchronizedRootGroup;
			path = BudgetKit;
			sourceTree = "<group>";
		};
		A4264E172FF1207900853023 /* BudgetKitTests */ = {
			isa = PBXFileSystemSynchronizedRootGroup;
			path = BudgetKitTests;
			sourceTree = "<group>";
		};
		A4264E2F2FF120CA00853023 /* BudgetWidget */ = {
			isa = PBXFileSystemSynchronizedRootGroup;
			exceptions = (
				A4264E3F2FF120CB00853023 /* Exceptions for "BudgetWidget" folder in "BudgetWidgetExtension" target */,
			);
			path = BudgetWidget;
			sourceTree = "<group>";
		};
		A48C2D7D2FD30E370068D400 /* budget */ = {
			isa = PBXFileSystemSynchronizedRootGroup;
			exceptions = (
				A48C2DA12FD30E390068D400 /* Exceptions for "budget" folder in "budget" target */,
			);
			path = budget;
			sourceTree = "<group>";
		};
		A48C2D922FD30E390068D400 /* budgetTests */ = {
			isa = PBXFileSystemSynchronizedRootGroup;
			path = budgetTests;
			sourceTree = "<group>";
		};
		A48C2D9C2FD30E390068D400 /* budgetUITests */ = {
			isa = PBXFileSystemSynchronizedRootGroup;
			path = budgetUITests;
			sourceTree = "<group>";
		};
/* End PBXFileSystemSynchronizedRootGroup section */

/* Begin PBXFrameworksBuildPhase section */
		A4264E042FF1207900853023 /* Frameworks */ = {
			isa = PBXFrameworksBuildPhase;
			buildActionMask = 2147483647;
			files = (
			);
			runOnlyForDeploymentPostprocessing = 0;
		};
		A4264E0E2FF1207900853023 /* Frameworks */ = {
			isa = PBXFrameworksBuildPhase;
			buildActionMask = 2147483647;
			files = (
				A4264E122FF1207900853023 /* BudgetKit.framework in Frameworks */,
			);
			runOnlyForDeploymentPostprocessing = 0;
		};
		A4264E262FF120CA00853023 /* Frameworks */ = {
			isa = PBXFrameworksBuildPhase;
			buildActionMask = 2147483647;
			files = (
				A4264E2E2FF120CA00853023 /* SwiftUI.framework in Frameworks */,
				A4264E2C2FF120CA00853023 /* WidgetKit.framework in Frameworks */,
			);
			runOnlyForDeploymentPostprocessing = 0;
		};
		A48C2D782FD30E370068D400 /* Frameworks */ = {
			isa = PBXFrameworksBuildPhase;
			buildActionMask = 2147483647;
			files = (
				A4264E1C2FF1207900853023 /* BudgetKit.framework in Frameworks */,
				A48C2DB12FD30E390068D400 /* GoogleSignIn in Frameworks */,
			);
			runOnlyForDeploymentPostprocessing = 0;
		};
		A48C2D8C2FD30E390068D400 /* Frameworks */ = {
			isa = PBXFrameworksBuildPhase;
			buildActionMask = 2147483647;
			files = (
			);
			runOnlyForDeploymentPostprocessing = 0;
		};
		A48C2D962FD30E390068D400 /* Frameworks */ = {
			isa = PBXFrameworksBuildPhase;
			buildActionMask = 2147483647;
			files = (
			);
			runOnlyForDeploymentPostprocessing = 0;
		};
/* End PBXFrameworksBuildPhase section */

/* Begin PBXGroup section */
		A4264E2A2FF120CA00853023 /* Frameworks */ = {
			isa = PBXGroup;
			children = (
				A4264E2B2FF120CA00853023 /* WidgetKit.framework */,
				A4264E2D2FF120CA00853023 /* SwiftUI.framework */,
			);
			name = Frameworks;
			sourceTree = "<group>";
		};
		A48C2D722FD30E370068D400 = {
			isa = PBXGroup;
			children = (
				A48C2D7D2FD30E370068D400 /* budget */,
				A48C2D922FD30E390068D400 /* budgetTests */,
				A48C2D9C2FD30E390068D400 /* budgetUITests */,
				A4264E082FF1207900853023 /* BudgetKit */,
				A4264E172FF1207900853023 /* BudgetKitTests */,
				A4264E2F2FF120CA00853023 /* BudgetWidget */,
				A4264E2A2FF120CA00853023 /* Frameworks */,
				A48C2D7C2FD30E370068D400 /* Products */,
			);
			sourceTree = "<group>";
		};
		A48C2D7C2FD30E370068D400 /* Products */ = {
			isa = PBXGroup;
			children = (
				A48C2D7B2FD30E370068D400 /* budget.app */,
				A48C2D8F2FD30E390068D400 /* budgetTests.xctest */,
				A48C2D992FD30E390068D400 /* budgetUITests.xctest */,
				A4264E072FF1207900853023 /* BudgetKit.framework */,
				A4264E112FF1207900853023 /* BudgetKitTests.xctest */,
				A4264E292FF120CA00853023 /* BudgetWidgetExtension.appex */,
			);
			name = Products;
			sourceTree = "<group>";
		};
/* End PBXGroup section */

/* Begin PBXHeadersBuildPhase section */
		A4264E022FF1207900853023 /* Headers */ = {
			isa = PBXHeadersBuildPhase;
			buildActionMask = 2147483647;
			files = (
			);
			runOnlyForDeploymentPostprocessing = 0;
		};
/* End PBXHeadersBuildPhase section */

/* Begin PBXNativeTarget section */
		A4264E062FF1207900853023 /* BudgetKit */ = {
			isa = PBXNativeTarget;
			buildConfigurationList = A4264E1E2FF1207900853023 /* Build configuration list for PBXNativeTarget "BudgetKit" */;
			buildPhases = (
				A4264E022FF1207900853023 /* Headers */,
				A4264E032FF1207900853023 /* Sources */,
				A4264E042FF1207900853023 /* Frameworks */,
				A4264E052FF1207900853023 /* Resources */,
			);
			buildRules = (
			);
			dependencies = (
			);
			fileSystemSynchronizedGroups = (
				A4264E082FF1207900853023 /* BudgetKit */,
			);
			name = BudgetKit;
			packageProductDependencies = (
			);
			productName = BudgetKit;
			productReference = A4264E072FF1207900853023 /* BudgetKit.framework */;
			productType = "com.apple.product-type.framework";
		};
		A4264E102FF1207900853023 /* BudgetKitTests */ = {
			isa = PBXNativeTarget;
			buildConfigurationList = A4264E222FF1207900853023 /* Build configuration list for PBXNativeTarget "BudgetKitTests" */;
			buildPhases = (
				A4264E0D2FF1207900853023 /* Sources */,
				A4264E0E2FF1207900853023 /* Frameworks */,
				A4264E0F2FF1207900853023 /* Resources */,
			);
			buildRules = (
			);
			dependencies = (
				A4264E142FF1207900853023 /* PBXTargetDependency */,
				A4264E162FF1207900853023 /* PBXTargetDependency */,
			);
			fileSystemSynchronizedGroups = (
				A4264E172FF1207900853023 /* BudgetKitTests */,
			);
			name = BudgetKitTests;
			packageProductDependencies = (
			);
			productName = BudgetKitTests;
			productReference = A4264E112FF1207900853023 /* BudgetKitTests.xctest */;
			productType = "com.apple.product-type.bundle.unit-test";
		};
		A4264E282FF120CA00853023 /* BudgetWidgetExtension */ = {
			isa = PBXNativeTarget;
			buildConfigurationList = A4264E3C2FF120CB00853023 /* Build configuration list for PBXNativeTarget "BudgetWidgetExtension" */;
			buildPhases = (
				A4264E252FF120CA00853023 /* Sources */,
				A4264E262FF120CA00853023 /* Frameworks */,
				A4264E272FF120CA00853023 /* Resources */,
			);
			buildRules = (
			);
			dependencies = (
				A4264EAB2FF1207900853023 /* PBXTargetDependency */,
			);
			fileSystemSynchronizedGroups = (
				A4264E2F2FF120CA00853023 /* BudgetWidget */,
			);
			name = BudgetWidgetExtension;
			packageProductDependencies = (
			);
			productName = BudgetWidgetExtension;
			productReference = A4264E292FF120CA00853023 /* BudgetWidgetExtension.appex */;
			productType = "com.apple.product-type.app-extension";
		};
		A48C2D7A2FD30E370068D400 /* budget */ = {
			isa = PBXNativeTarget;
			buildConfigurationList = A48C2DA22FD30E390068D400 /* Build configuration list for PBXNativeTarget "budget" */;
			buildPhases = (
				A48C2D772FD30E370068D400 /* Sources */,
				A48C2D782FD30E370068D400 /* Frameworks */,
				A48C2D792FD30E370068D400 /* Resources */,
				A4264E212FF1207900853023 /* Embed Frameworks */,
				A4264E402FF120CB00853023 /* Embed Foundation Extensions */,
			);
			buildRules = (
			);
			dependencies = (
				A4264E1B2FF1207900853023 /* PBXTargetDependency */,
				A4264E3A2FF120CB00853023 /* PBXTargetDependency */,
			);
			fileSystemSynchronizedGroups = (
				A48C2D7D2FD30E370068D400 /* budget */,
			);
			name = budget;
			packageProductDependencies = (
				A48C2DB32FD30E390068D400 /* GoogleSignIn */,
			);
			productName = budget;
			productReference = A48C2D7B2FD30E370068D400 /* budget.app */;
			productType = "com.apple.product-type.application";
		};
		A48C2D8E2FD30E390068D400 /* budgetTests */ = {
			isa = PBXNativeTarget;
			buildConfigurationList = A48C2DA72FD30E390068D400 /* Build configuration list for PBXNativeTarget "budgetTests" */;
			buildPhases = (
				A48C2D8B2FD30E390068D400 /* Sources */,
				A48C2D8C2FD30E390068D400 /* Frameworks */,
				A48C2D8D2FD30E390068D400 /* Resources */,
			);
			buildRules = (
			);
			dependencies = (
				A48C2D912FD30E390068D400 /* PBXTargetDependency */,
			);
			fileSystemSynchronizedGroups = (
				A48C2D922FD30E390068D400 /* budgetTests */,
			);
			name = budgetTests;
			packageProductDependencies = (
			);
			productName = budgetTests;
			productReference = A48C2D8F2FD30E390068D400 /* budgetTests.xctest */;
			productType = "com.apple.product-type.bundle.unit-test";
		};
		A48C2D982FD30E390068D400 /* budgetUITests */ = {
			isa = PBXNativeTarget;
			buildConfigurationList = A48C2DAA2FD30E390068D400 /* Build configuration list for PBXNativeTarget "budgetUITests" */;
			buildPhases = (
				A48C2D952FD30E390068D400 /* Sources */,
				A48C2D962FD30E390068D400 /* Frameworks */,
				A48C2D972FD30E390068D400 /* Resources */,
			);
			buildRules = (
			);
			dependencies = (
				A48C2D9B2FD30E390068D400 /* PBXTargetDependency */,
			);
			fileSystemSynchronizedGroups = (
				A48C2D9C2FD30E390068D400 /* budgetUITests */,
			);
			name = budgetUITests;
			packageProductDependencies = (
			);
			productName = budgetUITests;
			productReference = A48C2D992FD30E390068D400 /* budgetUITests.xctest */;
			productType = "com.apple.product-type.bundle.ui-testing";
		};
/* End PBXNativeTarget section */

/* Begin PBXProject section */
		A48C2D732FD30E370068D400 /* Project object */ = {
			isa = PBXProject;
			attributes = {
				BuildIndependentTargetsInParallel = 1;
				LastSwiftUpdateCheck = 2630;
				LastUpgradeCheck = 2630;
				TargetAttributes = {
					A4264E062FF1207900853023 = {
						CreatedOnToolsVersion = 26.3;
					};
					A4264E102FF1207900853023 = {
						CreatedOnToolsVersion = 26.3;
						TestTargetID = A48C2D7A2FD30E370068D400;
					};
					A4264E282FF120CA00853023 = {
						CreatedOnToolsVersion = 26.3;
					};
					A48C2D7A2FD30E370068D400 = {
						CreatedOnToolsVersion = 26.3;
					};
					A48C2D8E2FD30E390068D400 = {
						CreatedOnToolsVersion = 26.3;
						TestTargetID = A48C2D7A2FD30E370068D400;
					};
					A48C2D982FD30E390068D400 = {
						CreatedOnToolsVersion = 26.3;
						TestTargetID = A48C2D7A2FD30E370068D400;
					};
				};
			};
			buildConfigurationList = A48C2D762FD30E370068D400 /* Build configuration list for PBXProject "budget" */;
			developmentRegion = fr;
			hasScannedForEncodings = 0;
			knownRegions = (
				en,
				Base,
				fr,
			);
			mainGroup = A48C2D722FD30E370068D400;
			minimizedProjectReferenceProxies = 1;
			packageReferences = (
				A48C2DB22FD30E390068D400 /* XCRemoteSwiftPackageReference "GoogleSignIn-iOS" */,
			);
			preferredProjectObjectVersion = 77;
			productRefGroup = A48C2D7C2FD30E370068D400 /* Products */;
			projectDirPath = "";
			projectRoot = "";
			targets = (
				A48C2D7A2FD30E370068D400 /* budget */,
				A48C2D8E2FD30E390068D400 /* budgetTests */,
				A48C2D982FD30E390068D400 /* budgetUITests */,
				A4264E062FF1207900853023 /* BudgetKit */,
				A4264E102FF1207900853023 /* BudgetKitTests */,
				A4264E282FF120CA00853023 /* BudgetWidgetExtension */,
			);
		};
/* End PBXProject section */

/* Begin PBXResourcesBuildPhase section */
		A4264E052FF1207900853023 /* Resources */ = {
			isa = PBXResourcesBuildPhase;
			buildActionMask = 2147483647;
			files = (
			);
			runOnlyForDeploymentPostprocessing = 0;
		};
		A4264E0F2FF1207900853023 /* Resources */ = {
			isa = PBXResourcesBuildPhase;
			buildActionMask = 2147483647;
			files = (
			);
			runOnlyForDeploymentPostprocessing = 0;
		};
		A4264E272FF120CA00853023 /* Resources */ = {
			isa = PBXResourcesBuildPhase;
			buildActionMask = 2147483647;
			files = (
			);
			runOnlyForDeploymentPostprocessing = 0;
		};
		A48C2D792FD30E370068D400 /* Resources */ = {
			isa = PBXResourcesBuildPhase;
			buildActionMask = 2147483647;
			files = (
			);
			runOnlyForDeploymentPostprocessing = 0;
		};
		A48C2D8D2FD30E390068D400 /* Resources */ = {
			isa = PBXResourcesBuildPhase;
			buildActionMask = 2147483647;
			files = (
			);
			runOnlyForDeploymentPostprocessing = 0;
		};
		A48C2D972FD30E390068D400 /* Resources */ = {
			isa = PBXResourcesBuildPhase;
			buildActionMask = 2147483647;
			files = (
			);
			runOnlyForDeploymentPostprocessing = 0;
		};
/* End PBXResourcesBuildPhase section */

/* Begin PBXSourcesBuildPhase section */
		A4264E032FF1207900853023 /* Sources */ = {
			isa = PBXSourcesBuildPhase;
			buildActionMask = 2147483647;
			files = (
			);
			runOnlyForDeploymentPostprocessing = 0;
		};
		A4264E0D2FF1207900853023 /* Sources */ = {
			isa = PBXSourcesBuildPhase;
			buildActionMask = 2147483647;
			files = (
			);
			runOnlyForDeploymentPostprocessing = 0;
		};
		A4264E252FF120CA00853023 /* Sources */ = {
			isa = PBXSourcesBuildPhase;
			buildActionMask = 2147483647;
			files = (
			);
			runOnlyForDeploymentPostprocessing = 0;
		};
		A48C2D772FD30E370068D400 /* Sources */ = {
			isa = PBXSourcesBuildPhase;
			buildActionMask = 2147483647;
			files = (
			);
			runOnlyForDeploymentPostprocessing = 0;
		};
		A48C2D8B2FD30E390068D400 /* Sources */ = {
			isa = PBXSourcesBuildPhase;
			buildActionMask = 2147483647;
			files = (
			);
			runOnlyForDeploymentPostprocessing = 0;
		};
		A48C2D952FD30E390068D400 /* Sources */ = {
			isa = PBXSourcesBuildPhase;
			buildActionMask = 2147483647;
			files = (
			);
			runOnlyForDeploymentPostprocessing = 0;
		};
/* End PBXSourcesBuildPhase section */

/* Begin PBXTargetDependency section */
		A4264E142FF1207900853023 /* PBXTargetDependency */ = {
			isa = PBXTargetDependency;
			target = A4264E062FF1207900853023 /* BudgetKit */;
			targetProxy = A4264E132FF1207900853023 /* PBXContainerItemProxy */;
		};
		A4264E162FF1207900853023 /* PBXTargetDependency */ = {
			isa = PBXTargetDependency;
			target = A48C2D7A2FD30E370068D400 /* budget */;
			targetProxy = A4264E152FF1207900853023 /* PBXContainerItemProxy */;
		};
		A4264E1B2FF1207900853023 /* PBXTargetDependency */ = {
			isa = PBXTargetDependency;
			target = A4264E062FF1207900853023 /* BudgetKit */;
			targetProxy = A4264E1A2FF1207900853023 /* PBXContainerItemProxy */;
		};
		A4264EAB2FF1207900853023 /* PBXTargetDependency */ = {
			isa = PBXTargetDependency;
			target = A4264E062FF1207900853023 /* BudgetKit */;
			targetProxy = A4264EAA2FF1207900853023 /* PBXContainerItemProxy */;
		};
		A4264E3A2FF120CB00853023 /* PBXTargetDependency */ = {
			isa = PBXTargetDependency;
			target = A4264E282FF120CA00853023 /* BudgetWidgetExtension */;
			targetProxy = A4264E392FF120CB00853023 /* PBXContainerItemProxy */;
		};
		A48C2D912FD30E390068D400 /* PBXTargetDependency */ = {
			isa = PBXTargetDependency;
			target = A48C2D7A2FD30E370068D400 /* budget */;
			targetProxy = A48C2D902FD30E390068D400 /* PBXContainerItemProxy */;
		};
		A48C2D9B2FD30E390068D400 /* PBXTargetDependency */ = {
			isa = PBXTargetDependency;
			target = A48C2D7A2FD30E370068D400 /* budget */;
			targetProxy = A48C2D9A2FD30E390068D400 /* PBXContainerItemProxy */;
		};
/* End PBXTargetDependency section */

/* Begin XCBuildConfiguration section */
		A4264E1F2FF1207900853023 /* Debug */ = {
			isa = XCBuildConfiguration;
			buildSettings = {
				BUILD_LIBRARY_FOR_DISTRIBUTION = YES;
				CODE_SIGN_STYLE = Automatic;
				CURRENT_PROJECT_VERSION = 1;
				DEVELOPMENT_TEAM = X6UV5CF68N;
				DYLIB_COMPATIBILITY_VERSION = 1;
				DYLIB_CURRENT_VERSION = 1;
				DYLIB_INSTALL_NAME_BASE = "@rpath";
				ENABLE_MODULE_VERIFIER = YES;
				GENERATE_INFOPLIST_FILE = YES;
				INFOPLIST_KEY_NSHumanReadableCopyright = "";
				INSTALL_PATH = "$(LOCAL_LIBRARY_DIR)/Frameworks";
				IPHONEOS_DEPLOYMENT_TARGET = 17.0;
				LD_RUNPATH_SEARCH_PATHS = (
					"$(inherited)",
					"@executable_path/Frameworks",
					"@loader_path/Frameworks",
				);
				MARKETING_VERSION = 1.0;
				MODULE_VERIFIER_SUPPORTED_LANGUAGES = "objective-c objective-c++";
				MODULE_VERIFIER_SUPPORTED_LANGUAGE_STANDARDS = "gnu17 gnu++20";
				PRODUCT_BUNDLE_IDENTIFIER = guilhemhosotte.BudgetKit;
				PRODUCT_NAME = "$(TARGET_NAME:c99extidentifier)";
				SKIP_INSTALL = YES;
				STRING_CATALOG_GENERATE_SYMBOLS = YES;
				SWIFT_APPROACHABLE_CONCURRENCY = YES;
				SWIFT_EMIT_LOC_STRINGS = YES;
				SWIFT_INSTALL_MODULE = YES;
				SWIFT_INSTALL_OBJC_HEADER = NO;
				SWIFT_UPCOMING_FEATURE_MEMBER_IMPORT_VISIBILITY = YES;
				SWIFT_VERSION = 5.0;
				TARGETED_DEVICE_FAMILY = "1,2";
				VERSIONING_SYSTEM = "apple-generic";
				VERSION_INFO_PREFIX = "";
			};
			name = Debug;
		};
		A4264E202FF1207900853023 /* Release */ = {
			isa = XCBuildConfiguration;
			buildSettings = {
				BUILD_LIBRARY_FOR_DISTRIBUTION = YES;
				CODE_SIGN_STYLE = Automatic;
				CURRENT_PROJECT_VERSION = 1;
				DEVELOPMENT_TEAM = X6UV5CF68N;
				DYLIB_COMPATIBILITY_VERSION = 1;
				DYLIB_CURRENT_VERSION = 1;
				DYLIB_INSTALL_NAME_BASE = "@rpath";
				ENABLE_MODULE_VERIFIER = YES;
				GENERATE_INFOPLIST_FILE = YES;
				INFOPLIST_KEY_NSHumanReadableCopyright = "";
				INSTALL_PATH = "$(LOCAL_LIBRARY_DIR)/Frameworks";
				IPHONEOS_DEPLOYMENT_TARGET = 17.0;
				LD_RUNPATH_SEARCH_PATHS = (
					"$(inherited)",
					"@executable_path/Frameworks",
					"@loader_path/Frameworks",
				);
				MARKETING_VERSION = 1.0;
				MODULE_VERIFIER_SUPPORTED_LANGUAGES = "objective-c objective-c++";
				MODULE_VERIFIER_SUPPORTED_LANGUAGE_STANDARDS = "gnu17 gnu++20";
				PRODUCT_BUNDLE_IDENTIFIER = guilhemhosotte.BudgetKit;
				PRODUCT_NAME = "$(TARGET_NAME:c99extidentifier)";
				SKIP_INSTALL = YES;
				STRING_CATALOG_GENERATE_SYMBOLS = YES;
				SWIFT_APPROACHABLE_CONCURRENCY = YES;
				SWIFT_EMIT_LOC_STRINGS = YES;
				SWIFT_INSTALL_MODULE = YES;
				SWIFT_INSTALL_OBJC_HEADER = NO;
				SWIFT_UPCOMING_FEATURE_MEMBER_IMPORT_VISIBILITY = YES;
				SWIFT_VERSION = 5.0;
				TARGETED_DEVICE_FAMILY = "1,2";
				VERSIONING_SYSTEM = "apple-generic";
				VERSION_INFO_PREFIX = "";
			};
			name = Release;
		};
		A4264E232FF1207900853023 /* Debug */ = {
			isa = XCBuildConfiguration;
			buildSettings = {
				CODE_SIGN_STYLE = Automatic;
				CURRENT_PROJECT_VERSION = 1;
				DEVELOPMENT_TEAM = X6UV5CF68N;
				GENERATE_INFOPLIST_FILE = YES;
				IPHONEOS_DEPLOYMENT_TARGET = 17.0;
				MARKETING_VERSION = 1.0;
				PRODUCT_BUNDLE_IDENTIFIER = guilhemhosotte.BudgetKitTests;
				PRODUCT_NAME = "$(TARGET_NAME)";
				STRING_CATALOG_GENERATE_SYMBOLS = NO;
				SWIFT_APPROACHABLE_CONCURRENCY = YES;
				SWIFT_EMIT_LOC_STRINGS = NO;
				SWIFT_UPCOMING_FEATURE_MEMBER_IMPORT_VISIBILITY = YES;
				SWIFT_VERSION = 5.0;
				TARGETED_DEVICE_FAMILY = "1,2";
				TEST_HOST = "$(BUILT_PRODUCTS_DIR)/budget.app/$(BUNDLE_EXECUTABLE_FOLDER_PATH)/budget";
			};
			name = Debug;
		};
		A4264E242FF1207900853023 /* Release */ = {
			isa = XCBuildConfiguration;
			buildSettings = {
				CODE_SIGN_STYLE = Automatic;
				CURRENT_PROJECT_VERSION = 1;
				DEVELOPMENT_TEAM = X6UV5CF68N;
				GENERATE_INFOPLIST_FILE = YES;
				IPHONEOS_DEPLOYMENT_TARGET = 17.0;
				MARKETING_VERSION = 1.0;
				PRODUCT_BUNDLE_IDENTIFIER = guilhemhosotte.BudgetKitTests;
				PRODUCT_NAME = "$(TARGET_NAME)";
				STRING_CATALOG_GENERATE_SYMBOLS = NO;
				SWIFT_APPROACHABLE_CONCURRENCY = YES;
				SWIFT_EMIT_LOC_STRINGS = NO;
				SWIFT_UPCOMING_FEATURE_MEMBER_IMPORT_VISIBILITY = YES;
				SWIFT_VERSION = 5.0;
				TARGETED_DEVICE_FAMILY = "1,2";
				TEST_HOST = "$(BUILT_PRODUCTS_DIR)/budget.app/$(BUNDLE_EXECUTABLE_FOLDER_PATH)/budget";
			};
			name = Release;
		};
		A4264E3D2FF120CB00853023 /* Debug */ = {
			isa = XCBuildConfiguration;
			buildSettings = {
				ASSETCATALOG_COMPILER_GLOBAL_ACCENT_COLOR_NAME = AccentColor;
				ASSETCATALOG_COMPILER_WIDGET_BACKGROUND_COLOR_NAME = WidgetBackground;
				CODE_SIGN_ENTITLEMENTS = BudgetWidget/BudgetWidget.entitlements;
				CODE_SIGN_STYLE = Automatic;
				CURRENT_PROJECT_VERSION = 1;
				DEVELOPMENT_TEAM = X6UV5CF68N;
				GENERATE_INFOPLIST_FILE = YES;
				INFOPLIST_FILE = BudgetWidget/Info.plist;
				INFOPLIST_KEY_CFBundleDisplayName = BudgetWidget;
				INFOPLIST_KEY_NSHumanReadableCopyright = "";
				IPHONEOS_DEPLOYMENT_TARGET = 17.0;
				LD_RUNPATH_SEARCH_PATHS = (
					"$(inherited)",
					"@executable_path/Frameworks",
					"@executable_path/../../Frameworks",
				);
				MARKETING_VERSION = 1.0;
				PRODUCT_BUNDLE_IDENTIFIER = com.guilhemhosotte.budget.BudgetWidget;
				PRODUCT_NAME = "$(TARGET_NAME)";
				SKIP_INSTALL = YES;
				STRING_CATALOG_GENERATE_SYMBOLS = YES;
				SWIFT_APPROACHABLE_CONCURRENCY = YES;
				SWIFT_EMIT_LOC_STRINGS = YES;
				SWIFT_UPCOMING_FEATURE_MEMBER_IMPORT_VISIBILITY = YES;
				SWIFT_VERSION = 5.0;
				TARGETED_DEVICE_FAMILY = "1,2";
			};
			name = Debug;
		};
		A4264E3E2FF120CB00853023 /* Release */ = {
			isa = XCBuildConfiguration;
			buildSettings = {
				ASSETCATALOG_COMPILER_GLOBAL_ACCENT_COLOR_NAME = AccentColor;
				ASSETCATALOG_COMPILER_WIDGET_BACKGROUND_COLOR_NAME = WidgetBackground;
				CODE_SIGN_ENTITLEMENTS = BudgetWidget/BudgetWidget.entitlements;
				CODE_SIGN_STYLE = Automatic;
				CURRENT_PROJECT_VERSION = 1;
				DEVELOPMENT_TEAM = X6UV5CF68N;
				GENERATE_INFOPLIST_FILE = YES;
				INFOPLIST_FILE = BudgetWidget/Info.plist;
				INFOPLIST_KEY_CFBundleDisplayName = BudgetWidget;
				INFOPLIST_KEY_NSHumanReadableCopyright = "";
				IPHONEOS_DEPLOYMENT_TARGET = 17.0;
				LD_RUNPATH_SEARCH_PATHS = (
					"$(inherited)",
					"@executable_path/Frameworks",
					"@executable_path/../../Frameworks",
				);
				MARKETING_VERSION = 1.0;
				PRODUCT_BUNDLE_IDENTIFIER = com.guilhemhosotte.budget.BudgetWidget;
				PRODUCT_NAME = "$(TARGET_NAME)";
				SKIP_INSTALL = YES;
				STRING_CATALOG_GENERATE_SYMBOLS = YES;
				SWIFT_APPROACHABLE_CONCURRENCY = YES;
				SWIFT_EMIT_LOC_STRINGS = YES;
				SWIFT_UPCOMING_FEATURE_MEMBER_IMPORT_VISIBILITY = YES;
				SWIFT_VERSION = 5.0;
				TARGETED_DEVICE_FAMILY = "1,2";
			};
			name = Release;
		};
		A48C2DA32FD30E390068D400 /* Debug */ = {
			isa = XCBuildConfiguration;
			buildSettings = {
				ASSETCATALOG_COMPILER_APPICON_NAME = AppIcon;
				ASSETCATALOG_COMPILER_GLOBAL_ACCENT_COLOR_NAME = AccentColor;
				CODE_SIGN_ENTITLEMENTS = budget/budget.entitlements;
				CODE_SIGN_STYLE = Automatic;
				CURRENT_PROJECT_VERSION = 1;
				DEVELOPMENT_TEAM = X6UV5CF68N;
				ENABLE_PREVIEWS = YES;
				GENERATE_INFOPLIST_FILE = YES;
				INFOPLIST_FILE = budget/Info.plist;
				INFOPLIST_KEY_CFBundleDisplayName = Budget;
				INFOPLIST_KEY_UIApplicationSceneManifest_Generation = YES;
				INFOPLIST_KEY_UIApplicationSupportsIndirectInputEvents = YES;
				INFOPLIST_KEY_UILaunchScreen_Generation = YES;
				INFOPLIST_KEY_UISupportedInterfaceOrientations_iPad = "UIInterfaceOrientationPortrait UIInterfaceOrientationPortraitUpsideDown UIInterfaceOrientationLandscapeLeft UIInterfaceOrientationLandscapeRight";
				INFOPLIST_KEY_UISupportedInterfaceOrientations_iPhone = "UIInterfaceOrientationPortrait UIInterfaceOrientationLandscapeLeft UIInterfaceOrientationLandscapeRight";
				LD_RUNPATH_SEARCH_PATHS = (
					"$(inherited)",
					"@executable_path/Frameworks",
				);
				MARKETING_VERSION = 1.0;
				PRODUCT_BUNDLE_IDENTIFIER = com.guilhemhosotte.budget;
				PRODUCT_NAME = "$(TARGET_NAME)";
				STRING_CATALOG_GENERATE_SYMBOLS = YES;
				SWIFT_APPROACHABLE_CONCURRENCY = YES;
				SWIFT_DEFAULT_ACTOR_ISOLATION = MainActor;
				SWIFT_EMIT_LOC_STRINGS = YES;
				SWIFT_UPCOMING_FEATURE_MEMBER_IMPORT_VISIBILITY = YES;
				SWIFT_VERSION = 5.0;
				TARGETED_DEVICE_FAMILY = "1,2";
			};
			name = Debug;
		};
		A48C2DA42FD30E390068D400 /* Release */ = {
			isa = XCBuildConfiguration;
			buildSettings = {
				ASSETCATALOG_COMPILER_APPICON_NAME = AppIcon;
				ASSETCATALOG_COMPILER_GLOBAL_ACCENT_COLOR_NAME = AccentColor;
				CODE_SIGN_ENTITLEMENTS = budget/budget.entitlements;
				CODE_SIGN_STYLE = Automatic;
				CURRENT_PROJECT_VERSION = 1;
				DEVELOPMENT_TEAM = X6UV5CF68N;
				ENABLE_PREVIEWS = YES;
				GENERATE_INFOPLIST_FILE = YES;
				INFOPLIST_FILE = budget/Info.plist;
				INFOPLIST_KEY_CFBundleDisplayName = Budget;
				INFOPLIST_KEY_UIApplicationSceneManifest_Generation = YES;
				INFOPLIST_KEY_UIApplicationSupportsIndirectInputEvents = YES;
				INFOPLIST_KEY_UILaunchScreen_Generation = YES;
				INFOPLIST_KEY_UISupportedInterfaceOrientations_iPad = "UIInterfaceOrientationPortrait UIInterfaceOrientationPortraitUpsideDown UIInterfaceOrientationLandscapeLeft UIInterfaceOrientationLandscapeRight";
				INFOPLIST_KEY_UISupportedInterfaceOrientations_iPhone = "UIInterfaceOrientationPortrait UIInterfaceOrientationLandscapeLeft UIInterfaceOrientationLandscapeRight";
				LD_RUNPATH_SEARCH_PATHS = (
					"$(inherited)",
					"@executable_path/Frameworks",
				);
				MARKETING_VERSION = 1.0;
				PRODUCT_BUNDLE_IDENTIFIER = com.guilhemhosotte.budget;
				PRODUCT_NAME = "$(TARGET_NAME)";
				STRING_CATALOG_GENERATE_SYMBOLS = YES;
				SWIFT_APPROACHABLE_CONCURRENCY = YES;
				SWIFT_DEFAULT_ACTOR_ISOLATION = MainActor;
				SWIFT_EMIT_LOC_STRINGS = YES;
				SWIFT_UPCOMING_FEATURE_MEMBER_IMPORT_VISIBILITY = YES;
				SWIFT_VERSION = 5.0;
				TARGETED_DEVICE_FAMILY = "1,2";
			};
			name = Release;
		};
		A48C2DA52FD30E390068D400 /* Debug */ = {
			isa = XCBuildConfiguration;
			buildSettings = {
				ALWAYS_SEARCH_USER_PATHS = NO;
				ASSETCATALOG_COMPILER_GENERATE_SWIFT_ASSET_SYMBOL_EXTENSIONS = YES;
				CLANG_ANALYZER_NONNULL = YES;
				CLANG_ANALYZER_NUMBER_OBJECT_CONVERSION = YES_AGGRESSIVE;
				CLANG_CXX_LANGUAGE_STANDARD = "gnu++20";
				CLANG_ENABLE_MODULES = YES;
				CLANG_ENABLE_OBJC_ARC = YES;
				CLANG_ENABLE_OBJC_WEAK = YES;
				CLANG_WARN_BLOCK_CAPTURE_AUTORELEASING = YES;
				CLANG_WARN_BOOL_CONVERSION = YES;
				CLANG_WARN_COMMA = YES;
				CLANG_WARN_CONSTANT_CONVERSION = YES;
				CLANG_WARN_DEPRECATED_OBJC_IMPLEMENTATIONS = YES;
				CLANG_WARN_DIRECT_OBJC_ISA_USAGE = YES_ERROR;
				CLANG_WARN_DOCUMENTATION_COMMENTS = YES;
				CLANG_WARN_EMPTY_BODY = YES;
				CLANG_WARN_ENUM_CONVERSION = YES;
				CLANG_WARN_INFINITE_RECURSION = YES;
				CLANG_WARN_INT_CONVERSION = YES;
				CLANG_WARN_NON_LITERAL_NULL_CONVERSION = YES;
				CLANG_WARN_OBJC_IMPLICIT_RETAIN_SELF = YES;
				CLANG_WARN_OBJC_LITERAL_CONVERSION = YES;
				CLANG_WARN_OBJC_ROOT_CLASS = YES_ERROR;
				CLANG_WARN_QUOTED_INCLUDE_IN_FRAMEWORK_HEADER = YES;
				CLANG_WARN_RANGE_LOOP_ANALYSIS = YES;
				CLANG_WARN_STRICT_PROTOTYPES = YES;
				CLANG_WARN_SUSPICIOUS_MOVE = YES;
				CLANG_WARN_UNGUARDED_AVAILABILITY = YES_AGGRESSIVE;
				CLANG_WARN_UNREACHABLE_CODE = YES;
				CLANG_WARN__DUPLICATE_METHOD_MATCH = YES;
				COPY_PHASE_STRIP = NO;
				DEBUG_INFORMATION_FORMAT = dwarf;
				DEVELOPMENT_TEAM = X6UV5CF68N;
				ENABLE_STRICT_OBJC_MSGSEND = YES;
				ENABLE_TESTABILITY = YES;
				ENABLE_USER_SCRIPT_SANDBOXING = YES;
				GCC_C_LANGUAGE_STANDARD = gnu17;
				GCC_DYNAMIC_NO_PIC = NO;
				GCC_NO_COMMON_BLOCKS = YES;
				GCC_OPTIMIZATION_LEVEL = 0;
				GCC_PREPROCESSOR_DEFINITIONS = (
					"DEBUG=1",
					"$(inherited)",
				);
				GCC_WARN_64_TO_32_BIT_CONVERSION = YES;
				GCC_WARN_ABOUT_RETURN_TYPE = YES_ERROR;
				GCC_WARN_UNDECLARED_SELECTOR = YES;
				GCC_WARN_UNINITIALIZED_AUTOS = YES_AGGRESSIVE;
				GCC_WARN_UNUSED_FUNCTION = YES;
				GCC_WARN_UNUSED_VARIABLE = YES;
				IPHONEOS_DEPLOYMENT_TARGET = 17.0;
				LOCALIZATION_PREFERS_STRING_CATALOGS = YES;
				MTL_ENABLE_DEBUG_INFO = INCLUDE_SOURCE;
				MTL_FAST_MATH = YES;
				ONLY_ACTIVE_ARCH = YES;
				SDKROOT = iphoneos;
				SWIFT_ACTIVE_COMPILATION_CONDITIONS = "DEBUG $(inherited)";
				SWIFT_OPTIMIZATION_LEVEL = "-Onone";
			};
			name = Debug;
		};
		A48C2DA62FD30E390068D400 /* Release */ = {
			isa = XCBuildConfiguration;
			buildSettings = {
				ALWAYS_SEARCH_USER_PATHS = NO;
				ASSETCATALOG_COMPILER_GENERATE_SWIFT_ASSET_SYMBOL_EXTENSIONS = YES;
				CLANG_ANALYZER_NONNULL = YES;
				CLANG_ANALYZER_NUMBER_OBJECT_CONVERSION = YES_AGGRESSIVE;
				CLANG_CXX_LANGUAGE_STANDARD = "gnu++20";
				CLANG_ENABLE_MODULES = YES;
				CLANG_ENABLE_OBJC_ARC = YES;
				CLANG_ENABLE_OBJC_WEAK = YES;
				CLANG_WARN_BLOCK_CAPTURE_AUTORELEASING = YES;
				CLANG_WARN_BOOL_CONVERSION = YES;
				CLANG_WARN_COMMA = YES;
				CLANG_WARN_CONSTANT_CONVERSION = YES;
				CLANG_WARN_DEPRECATED_OBJC_IMPLEMENTATIONS = YES;
				CLANG_WARN_DIRECT_OBJC_ISA_USAGE = YES_ERROR;
				CLANG_WARN_DOCUMENTATION_COMMENTS = YES;
				CLANG_WARN_EMPTY_BODY = YES;
				CLANG_WARN_ENUM_CONVERSION = YES;
				CLANG_WARN_INFINITE_RECURSION = YES;
				CLANG_WARN_INT_CONVERSION = YES;
				CLANG_WARN_NON_LITERAL_NULL_CONVERSION = YES;
				CLANG_WARN_OBJC_IMPLICIT_RETAIN_SELF = YES;
				CLANG_WARN_OBJC_LITERAL_CONVERSION = YES;
				CLANG_WARN_OBJC_ROOT_CLASS = YES_ERROR;
				CLANG_WARN_QUOTED_INCLUDE_IN_FRAMEWORK_HEADER = YES;
				CLANG_WARN_RANGE_LOOP_ANALYSIS = YES;
				CLANG_WARN_STRICT_PROTOTYPES = YES;
				CLANG_WARN_SUSPICIOUS_MOVE = YES;
				CLANG_WARN_UNGUARDED_AVAILABILITY = YES_AGGRESSIVE;
				CLANG_WARN_UNREACHABLE_CODE = YES;
				CLANG_WARN__DUPLICATE_METHOD_MATCH = YES;
				COPY_PHASE_STRIP = NO;
				DEBUG_INFORMATION_FORMAT = "dwarf-with-dsym";
				DEVELOPMENT_TEAM = X6UV5CF68N;
				ENABLE_NS_ASSERTIONS = NO;
				ENABLE_STRICT_OBJC_MSGSEND = YES;
				ENABLE_USER_SCRIPT_SANDBOXING = YES;
				GCC_C_LANGUAGE_STANDARD = gnu17;
				GCC_NO_COMMON_BLOCKS = YES;
				GCC_WARN_64_TO_32_BIT_CONVERSION = YES;
				GCC_WARN_ABOUT_RETURN_TYPE = YES_ERROR;
				GCC_WARN_UNDECLARED_SELECTOR = YES;
				GCC_WARN_UNINITIALIZED_AUTOS = YES_AGGRESSIVE;
				GCC_WARN_UNUSED_FUNCTION = YES;
				GCC_WARN_UNUSED_VARIABLE = YES;
				IPHONEOS_DEPLOYMENT_TARGET = 17.0;
				LOCALIZATION_PREFERS_STRING_CATALOGS = YES;
				MTL_ENABLE_DEBUG_INFO = NO;
				MTL_FAST_MATH = YES;
				SDKROOT = iphoneos;
				SWIFT_COMPILATION_MODE = wholemodule;
				VALIDATE_PRODUCT = YES;
			};
			name = Release;
		};
		A48C2DA82FD30E390068D400 /* Debug */ = {
			isa = XCBuildConfiguration;
			buildSettings = {
				BUNDLE_LOADER = "$(TEST_HOST)";
				CODE_SIGN_STYLE = Automatic;
				CURRENT_PROJECT_VERSION = 1;
				DEVELOPMENT_TEAM = X6UV5CF68N;
				GENERATE_INFOPLIST_FILE = YES;
				IPHONEOS_DEPLOYMENT_TARGET = 17.0;
				MARKETING_VERSION = 1.0;
				PRODUCT_BUNDLE_IDENTIFIER = guilhemhosotte.budgetTests;
				PRODUCT_NAME = "$(TARGET_NAME)";
				STRING_CATALOG_GENERATE_SYMBOLS = NO;
				SWIFT_APPROACHABLE_CONCURRENCY = YES;
				SWIFT_EMIT_LOC_STRINGS = NO;
				SWIFT_UPCOMING_FEATURE_MEMBER_IMPORT_VISIBILITY = YES;
				SWIFT_VERSION = 5.0;
				TARGETED_DEVICE_FAMILY = "1,2";
				TEST_HOST = "$(BUILT_PRODUCTS_DIR)/budget.app/$(BUNDLE_EXECUTABLE_FOLDER_PATH)/budget";
			};
			name = Debug;
		};
		A48C2DA92FD30E390068D400 /* Release */ = {
			isa = XCBuildConfiguration;
			buildSettings = {
				BUNDLE_LOADER = "$(TEST_HOST)";
				CODE_SIGN_STYLE = Automatic;
				CURRENT_PROJECT_VERSION = 1;
				DEVELOPMENT_TEAM = X6UV5CF68N;
				GENERATE_INFOPLIST_FILE = YES;
				IPHONEOS_DEPLOYMENT_TARGET = 17.0;
				MARKETING_VERSION = 1.0;
				PRODUCT_BUNDLE_IDENTIFIER = guilhemhosotte.budgetTests;
				PRODUCT_NAME = "$(TARGET_NAME)";
				STRING_CATALOG_GENERATE_SYMBOLS = NO;
				SWIFT_APPROACHABLE_CONCURRENCY = YES;
				SWIFT_EMIT_LOC_STRINGS = NO;
				SWIFT_UPCOMING_FEATURE_MEMBER_IMPORT_VISIBILITY = YES;
				SWIFT_VERSION = 5.0;
				TARGETED_DEVICE_FAMILY = "1,2";
				TEST_HOST = "$(BUILT_PRODUCTS_DIR)/budget.app/$(BUNDLE_EXECUTABLE_FOLDER_PATH)/budget";
			};
			name = Release;
		};
		A48C2DAB2FD30E390068D400 /* Debug */ = {
			isa = XCBuildConfiguration;
			buildSettings = {
				CODE_SIGN_STYLE = Automatic;
				CURRENT_PROJECT_VERSION = 1;
				DEVELOPMENT_TEAM = X6UV5CF68N;
				GENERATE_INFOPLIST_FILE = YES;
				MARKETING_VERSION = 1.0;
				PRODUCT_BUNDLE_IDENTIFIER = guilhemhosotte.budgetUITests;
				PRODUCT_NAME = "$(TARGET_NAME)";
				STRING_CATALOG_GENERATE_SYMBOLS = NO;
				SWIFT_APPROACHABLE_CONCURRENCY = YES;
				SWIFT_EMIT_LOC_STRINGS = NO;
				SWIFT_UPCOMING_FEATURE_MEMBER_IMPORT_VISIBILITY = YES;
				SWIFT_VERSION = 5.0;
				TARGETED_DEVICE_FAMILY = "1,2";
				TEST_TARGET_NAME = budget;
			};
			name = Debug;
		};
		A48C2DAC2FD30E390068D400 /* Release */ = {
			isa = XCBuildConfiguration;
			buildSettings = {
				CODE_SIGN_STYLE = Automatic;
				CURRENT_PROJECT_VERSION = 1;
				DEVELOPMENT_TEAM = X6UV5CF68N;
				GENERATE_INFOPLIST_FILE = YES;
				MARKETING_VERSION = 1.0;
				PRODUCT_BUNDLE_IDENTIFIER = guilhemhosotte.budgetUITests;
				PRODUCT_NAME = "$(TARGET_NAME)";
				STRING_CATALOG_GENERATE_SYMBOLS = NO;
				SWIFT_APPROACHABLE_CONCURRENCY = YES;
				SWIFT_EMIT_LOC_STRINGS = NO;
				SWIFT_UPCOMING_FEATURE_MEMBER_IMPORT_VISIBILITY = YES;
				SWIFT_VERSION = 5.0;
				TARGETED_DEVICE_FAMILY = "1,2";
				TEST_TARGET_NAME = budget;
			};
			name = Release;
		};
/* End XCBuildConfiguration section */

/* Begin XCConfigurationList section */
		A4264E1E2FF1207900853023 /* Build configuration list for PBXNativeTarget "BudgetKit" */ = {
			isa = XCConfigurationList;
			buildConfigurations = (
				A4264E1F2FF1207900853023 /* Debug */,
				A4264E202FF1207900853023 /* Release */,
			);
			defaultConfigurationIsVisible = 0;
			defaultConfigurationName = Release;
		};
		A4264E222FF1207900853023 /* Build configuration list for PBXNativeTarget "BudgetKitTests" */ = {
			isa = XCConfigurationList;
			buildConfigurations = (
				A4264E232FF1207900853023 /* Debug */,
				A4264E242FF1207900853023 /* Release */,
			);
			defaultConfigurationIsVisible = 0;
			defaultConfigurationName = Release;
		};
		A4264E3C2FF120CB00853023 /* Build configuration list for PBXNativeTarget "BudgetWidgetExtension" */ = {
			isa = XCConfigurationList;
			buildConfigurations = (
				A4264E3D2FF120CB00853023 /* Debug */,
				A4264E3E2FF120CB00853023 /* Release */,
			);
			defaultConfigurationIsVisible = 0;
			defaultConfigurationName = Release;
		};
		A48C2D762FD30E370068D400 /* Build configuration list for PBXProject "budget" */ = {
			isa = XCConfigurationList;
			buildConfigurations = (
				A48C2DA52FD30E390068D400 /* Debug */,
				A48C2DA62FD30E390068D400 /* Release */,
			);
			defaultConfigurationIsVisible = 0;
			defaultConfigurationName = Release;
		};
		A48C2DA22FD30E390068D400 /* Build configuration list for PBXNativeTarget "budget" */ = {
			isa = XCConfigurationList;
			buildConfigurations = (
				A48C2DA32FD30E390068D400 /* Debug */,
				A48C2DA42FD30E390068D400 /* Release */,
			);
			defaultConfigurationIsVisible = 0;
			defaultConfigurationName = Release;
		};
		A48C2DA72FD30E390068D400 /* Build configuration list for PBXNativeTarget "budgetTests" */ = {
			isa = XCConfigurationList;
			buildConfigurations = (
				A48C2DA82FD30E390068D400 /* Debug */,
				A48C2DA92FD30E390068D400 /* Release */,
			);
			defaultConfigurationIsVisible = 0;
			defaultConfigurationName = Release;
		};
		A48C2DAA2FD30E390068D400 /* Build configuration list for PBXNativeTarget "budgetUITests" */ = {
			isa = XCConfigurationList;
			buildConfigurations = (
				A48C2DAB2FD30E390068D400 /* Debug */,
				A48C2DAC2FD30E390068D400 /* Release */,
			);
			defaultConfigurationIsVisible = 0;
			defaultConfigurationName = Release;
		};
/* End XCConfigurationList section */

/* Begin XCRemoteSwiftPackageReference section */
		A48C2DB22FD30E390068D400 /* XCRemoteSwiftPackageReference "GoogleSignIn-iOS" */ = {
			isa = XCRemoteSwiftPackageReference;
			repositoryURL = "https://github.com/google/GoogleSignIn-iOS";
			requirement = {
				kind = upToNextMajorVersion;
				minimumVersion = 9.0.0;
			};
		};
/* End XCRemoteSwiftPackageReference section */

/* Begin XCSwiftPackageProductDependency section */
		A48C2DB32FD30E390068D400 /* GoogleSignIn */ = {
			isa = XCSwiftPackageProductDependency;
			package = A48C2DB22FD30E390068D400 /* XCRemoteSwiftPackageReference "GoogleSignIn-iOS" */;
			productName = GoogleSignIn;
		};
/* End XCSwiftPackageProductDependency section */
	};
	rootObject = A48C2D732FD30E370068D400 /* Project object */;
}
